
Microsoft Visual Studio Solution File, Format Version 12.00
# Visual Studio 15
VisualStudioVersion = 15.0.27130.2027
MinimumVisualStudioVersion = 10.0.40219.1
Project("{FAE04EC0-301F-11D3-BF4B-00C04F79EFBC}") = "Calculator", "Calculator\Calculator.csproj", "{E800EF53-9E3E-461A-BD05-C49931419DCA}"
EndProject
Project("{FAE04EC0-301F-11D3-BF4B-00C04F79EFBC}") = "Calculator.Tests", "Calculator.Tests\Calculator.Tests.csproj", "{8C9E3B5F-BA3B-4A6C-9D26-E15D8697B521}"
EndProject
Global
	GlobalSection(SolutionConfigurationPlatforms) = preSolution
		Debug|Any CPU = Debug|Any CPU
		Release|Any CPU = Release|Any CPU
	EndGlobalSection
	GlobalSection(ProjectConfigurationPlatforms) = postSolution
		{E800EF53-9E3E-461A-BD05-C49931419DCA}.Debug|Any CPU.ActiveCfg = Debug|Any CPU
		{E800EF53-9E3E-461A-BD05-C49931419DCA}.Debug|Any CPU.Build.0 = Debug|Any CPU
		{E800EF53-9E3E-461A-BD05-C49931419DCA}.Release|Any CPU.ActiveCfg = Release|Any CPU
		{E800EF53-9E3E-461A-BD05-C49931419DCA}.Release|Any CPU.Build.0 = Release|Any CPU
		{8C9E3B5F-BA3B-4A6C-9D26-E15D8697B521}.Debug|Any CPU.ActiveCfg = Debug|Any CPU
		{8C9E3B5F-BA3B-4A6C-9D26-E15D8697B521}.Debug|Any CPU.Build.0 = Debug|Any CPU
		{8C9E3B5F-BA3B-4A6C-9D26-E15D8697B521}.Release|Any CPU.ActiveCfg = Release|Any CPU
		{8C9E3B5F-BA3B-4A6C-9D26-E15D8697B521}.Release|Any CPU.Build.0 = Release|Any CPU
	EndGlobalSection
	GlobalSection(SolutionProperties) = preSolution
		HideSolutionNode = FALSE
	EndGlobalSection
	GlobalSection(ExtensibilityGlobals) = postSolution
		SolutionGuid = {40A86EB9-B125-472F-B49F-BFA41F06B133}
	EndGlobalSection
EndGlobal
